
Microsoft Visual Studio Solution File, Format Version 12.00
# Visual Studio 15
VisualStudioVersion = 15.0.28010.2048
MinimumVisualStudioVersion = 10.0.40219.1
Project("{FAE04EC0-301F-11D3-BF4B-00C04F79EFBC}") = "RazorPagesMovie", "RazorPagesMovie\RazorPagesMovie.csproj", "{A7488333-B416-47C4-A2D3-08BD9B007B71}"
EndProject
Global
	GlobalSection(SolutionConfigurationPlatforms) = preSolution
		Debug|Any CPU = Debug|Any CPU
		Release|Any CPU = Release|Any CPU
	EndGlobalSection
	GlobalSection(ProjectConfigurationPlatforms) = postSolution
		{A7488333-B416-47C4-A2D3-08BD9B007B71}.Debug|Any CPU.ActiveCfg = Debug|Any CPU
		{A7488333-B416-47C4-A2D3-08BD9B007B71}.Debug|Any CPU.Build.0 = Debug|Any CPU
		{A7488333-B416-47C4-A2D3-08BD9B007B71}.Release|Any CPU.ActiveCfg = Release|Any CPU
		{A7488333-B416-47C4-A2D3-08BD9B007B71}.Release|Any CPU.Build.0 = Release|Any CPU
	EndGlobalSection
	GlobalSection(SolutionProperties) = preSolution
		HideSolutionNode = FALSE
	EndGlobalSection
	GlobalSection(ExtensibilityGlobals) = postSolution
		SolutionGuid = {3F4E1733-3B00-445A-9ECD-6803CEC2FBF5}
	EndGlobalSection
EndGlobal
